
Microsoft Visual Studio Solution File, Format Version 12.00
# Visual Studio Version 16
VisualStudioVersion = 16.0.31624.102
MinimumVisualStudioVersion = 10.0.40219.1
Project("{FAE04EC0-301F-11D3-BF4B-00C04F79EFBC}") = "Projet06092022Achat.Android", "Projet06092022Achat\Projet06092022Achat.Android\Projet06092022Achat.Android.csproj", "{EEF0F8FF-3498-4BC9-AE1D-0B684893047F}"
EndProject
Project("{FAE04EC0-301F-11D3-BF4B-00C04F79EFBC}") = "Projet06092022Achat", "Projet06092022Achat\Projet06092022Achat\Projet06092022Achat.csproj", "{3DEFC8F2-C16F-4123-81E5-34D2CBA98227}"
EndProject
Global
	GlobalSection(SolutionConfigurationPlatforms) = preSolution
		Debug|Any CPU = Debug|Any CPU
		Release|Any CPU = Release|Any CPU
	EndGlobalSection
	GlobalSection(ProjectConfigurationPlatforms) = postSolution
		{EEF0F8FF-3498-4BC9-AE1D-0B684893047F}.Debug|Any CPU.ActiveCfg = Debug|Any CPU
		{EEF0F8FF-3498-4BC9-AE1D-0B684893047F}.Debug|Any CPU.Build.0 = Debug|Any CPU
		{EEF0F8FF-3498-4BC9-AE1D-0B684893047F}.Debug|Any CPU.Deploy.0 = Debug|Any CPU
		{EEF0F8FF-3498-4BC9-AE1D-0B684893047F}.Release|Any CPU.ActiveCfg = Release|Any CPU
		{EEF0F8FF-3498-4BC9-AE1D-0B684893047F}.Release|Any CPU.Build.0 = Release|Any CPU
		{EEF0F8FF-3498-4BC9-AE1D-0B684893047F}.Release|Any CPU.Deploy.0 = Release|Any CPU
		{3DEFC8F2-C16F-4123-81E5-34D2CBA98227}.Debug|Any CPU.ActiveCfg = Debug|Any CPU
		{3DEFC8F2-C16F-4123-81E5-34D2CBA98227}.Debug|Any CPU.Build.0 = Debug|Any CPU
		{3DEFC8F2-C16F-4123-81E5-34D2CBA98227}.Debug|Any CPU.Deploy.0 = Debug|Any CPU
		{3DEFC8F2-C16F-4123-81E5-34D2CBA98227}.Release|Any CPU.ActiveCfg = Release|Any CPU
		{3DEFC8F2-C16F-4123-81E5-34D2CBA98227}.Release|Any CPU.Build.0 = Release|Any CPU
		{3DEFC8F2-C16F-4123-81E5-34D2CBA98227}.Release|Any CPU.Deploy.0 = Release|Any CPU
	EndGlobalSection
	GlobalSection(SolutionProperties) = preSolution
		HideSolutionNode = FALSE
	EndGlobalSection
	GlobalSection(ExtensibilityGlobals) = postSolution
		SolutionGuid = {6171E6C7-616B-4258-9385-CC198D1478E8}
	EndGlobalSection
EndGlobal
